{
  "name": "wasisession",
  "version": "1.0.0",
  "lockfileVersion": 2,
  "requires": true,
  "packages": {
    "": {
      "name": "wasisession",
      "version": "1.0.0",
      "dependencies": {
        "@whiskeysockets/baileys": "^6.5.0",
        "maher-zubair-baileys": "^6.6.5",
        "qrcode": "^1.5.3",
        "awesome-phonenumber": "^2.64.0",
        "pino": "^8.1.0",
        "phone": "3.1.30",
        "body-parser": "^1.20.1",
        "pastebin-js": "^1.0.6",
        "express": "^4.18.1",
        "path": "^0.12.7"
      }
    }
  },
  "dependencies": {
    "@whiskeysockets/baileys": {
      "version": "6.5.0"
    },
    "maher-zubair-baileys": {
      "version": "6.6.5"
    },
    "qrcode": {
      "version": "1.5.3"
    },
    "awesome-phonenumber": {
      "version": "2.64.0"
    },
